
Microsoft Visual Studio Solution File, Format Version 12.00
# Visual Studio Version 17
VisualStudioVersion = 17.9.34622.214
MinimumVisualStudioVersion = 10.0.40219.1
Project("{FAE04EC0-301F-11D3-BF4B-00C04F79EFBC}") = "Example_IMES", "Example_IMES\Example_IMES.csproj", "{3B1034AA-D12F-4C8F-8C9E-97399AF82948}"
EndProject
Project("{2150E333-8FDC-42A3-9474-1A3956D46DE8}") = "Solution Items", "Solution Items", "{0D486C70-45D6-4B6E-A10B-E75E6F16FB7D}"
EndProject
Global
	GlobalSection(SolutionConfigurationPlatforms) = preSolution
		Debug|Any CPU = Debug|Any CPU
		Release|Any CPU = Release|Any CPU
	EndGlobalSection
	GlobalSection(ProjectConfigurationPlatforms) = postSolution
		{3B1034AA-D12F-4C8F-8C9E-97399AF82948}.Debug|Any CPU.ActiveCfg = Debug|Any CPU
		{3B1034AA-D12F-4C8F-8C9E-97399AF82948}.Debug|Any CPU.Build.0 = Debug|Any CPU
		{3B1034AA-D12F-4C8F-8C9E-97399AF82948}.Release|Any CPU.ActiveCfg = Release|Any CPU
		{3B1034AA-D12F-4C8F-8C9E-97399AF82948}.Release|Any CPU.Build.0 = Release|Any CPU
	EndGlobalSection
	GlobalSection(SolutionProperties) = preSolution
		HideSolutionNode = FALSE
	EndGlobalSection
	GlobalSection(ExtensibilityGlobals) = postSolution
		SolutionGuid = {C8AA6AA9-8FFD-4D4A-816E-6C71007CC0E9}
	EndGlobalSection
EndGlobal
